<?xml version="1.0" encoding="utf-8"?>
<Project ToolsVersion="4.0" xmlns="http://schemas.microsoft.com/developer/msbuild/2003">
  <ItemGroup>
    <Filter Include="소스 파일">
      <UniqueIdentifier>{4FC737F1-C7A5-4376-A066-2A32D752A2FF}</UniqueIdentifier>
      <Extensions>cpp;c;cc;cxx;c++;cppm;ixx;def;odl;idl;hpj;bat;asm;asmx</Extensions>
    </Filter>
    <Filter Include="헤더 파일">
      <UniqueIdentifier>{93995380-89BD-4b04-88EB-625FBE52EBFB}</UniqueIdentifier>
      <Extensions>h;hh;hpp;hxx;h++;hm;inl;inc;ipp;xsd</Extensions>
    </Filter>
    <Filter Include="리소스 파일">
      <UniqueIdentifier>{67DA6AB6-F800-4c08-8B7A-83BB121AAD01}</UniqueIdentifier>
      <Extensions>rc;ico;cur;bmp;dlg;rc2;rct;bin;rgs;gif;jpg;jpeg;jpe;resx;tiff;tif;png;wav;mfcribbon-ms</Extensions>
    </Filter>
  </ItemGroup>
  <ItemGroup>
    <None Include="README.md">
      <Filter>소스 파일</Filter>
    </None>
  </ItemGroup>
  <ItemGroup>
    <ClCompile Include="19_mt.cpp">
      <Filter>소스 파일</Filter>
    </ClCompile>
    <ClCompile Include="20_callbyTest.cpp">
      <Filter>소스 파일</Filter>
    </ClCompile>
    <ClCompile Include="21_TrueAndFalse.cpp">
      <Filter>소스 파일</Filter>
    </ClCompile>
    <ClCompile Include="22_DataTypeBool.cpp">
      <Filter>소스 파일</Filter>
    </ClCompile>
    <ClCompile Include="23_valTest.cpp">
      <Filter>소스 파일</Filter>
    </ClCompile>
    <ClCompile Include="24_Reference.cpp">
      <Filter>소스 파일</Filter>
    </ClCompile>
    <ClCompile Include="25_RefArrElem.cpp">
      <Filter>소스 파일</Filter>
    </ClCompile>
    <ClCompile Include="26_aryTest.cpp">
      <Filter>소스 파일</Filter>
    </ClCompile>
    <ClCompile Include="27_RefSwqp.cpp">
      <Filter>소스 파일</Filter>
    </ClCompile>
    <ClCompile Include="28_RefReturn.cpp">
      <Filter>소스 파일</Filter>
    </ClCompile>
    <ClCompile Include="29_RefReturn2.cpp">
      <Filter>소스 파일</Filter>
    </ClCompile>
    <ClCompile Include="30_memory.cpp">
      <Filter>소스 파일</Filter>
    </ClCompile>
    <ClCompile Include="31_ memory2.cpp">
      <Filter>소스 파일</Filter>
    </ClCompile>
    <ClCompile Include="32_memory3.cpp">
      <Filter>소스 파일</Filter>
    </ClCompile>
    <ClCompile Include="33_NewDelete.cpp">
      <Filter>소스 파일</Filter>
    </ClCompile>
    <ClCompile Include="34_struct.cpp">
      <Filter>소스 파일</Filter>
    </ClCompile>
    <ClCompile Include="35_structTest.cpp">
      <Filter>소스 파일</Filter>
    </ClCompile>
    <ClCompile Include="36_structAdd.cpp">
      <Filter>소스 파일</Filter>
    </ClCompile>
    <ClCompile Include="37_enumTest.cpp">
      <Filter>소스 파일</Filter>
    </ClCompile>
    <ClCompile Include="38_EnumStruct.cpp">
      <Filter>소스 파일</Filter>
    </ClCompile>
    <ClCompile Include="39_OuterStruct.cpp">
      <Filter>소스 파일</Filter>
    </ClCompile>
    <ClCompile Include="40_ClassBase.cpp">
      <Filter>소스 파일</Filter>
    </ClCompile>
    <ClCompile Include="41_classTest.cpp">
      <Filter>소스 파일</Filter>
    </ClCompile>
    <ClCompile Include="42_Car.cpp">
      <Filter>소스 파일</Filter>
    </ClCompile>
    <ClCompile Include="42_RacingMain.cpp">
      <Filter>소스 파일</Filter>
    </ClCompile>
    <ClCompile Include="43_FruitSaleClass.cpp">
      <Filter>소스 파일</Filter>
    </ClCompile>
    <ClCompile Include="44_Point.h">
      <Filter>소스 파일</Filter>
    </ClCompile>
    <ClCompile Include="44_Point.cpp">
      <Filter>소스 파일</Filter>
    </ClCompile>
    <ClCompile Include="44_Rectangle.cpp">
      <Filter>소스 파일</Filter>
    </ClCompile>
    <ClCompile Include="44_RectangleFaultFind.cpp">
      <Filter>소스 파일</Filter>
    </ClCompile>
  </ItemGroup>
  <ItemGroup>
    <ClInclude Include="42_Car.h">
      <Filter>소스 파일</Filter>
    </ClInclude>
    <ClInclude Include="44_Rectangle.h">
      <Filter>소스 파일</Filter>
    </ClInclude>
  </ItemGroup>
</Project>